
Microsoft Visual Studio Solution File, Format Version 12.00
# Visual Studio Version 18
VisualStudioVersion = 18.3.11310.294
MinimumVisualStudioVersion = 10.0.40219.1
Project("{2150E333-8FDC-42A3-9474-1A3956D46DE8}") = "framework", "framework", "{5318D694-23B9-4FCC-8338-9996A6E2059A}"
EndProject
Project("{9A19103F-16F7-4668-BE54-9A1E7A4F7556}") = "Poxiao", "..\framework\Poxiao\Poxiao.csproj", "{7CC99346-6DAC-4C22-AFF5-F08D8117916C}"
EndProject
Project("{9A19103F-16F7-4668-BE54-9A1E7A4F7556}") = "Poxiao.Extras.Authentication.JwtBearer", "..\framework\Poxiao.Extras.Authentication.JwtBearer\Poxiao.Extras.Authentication.JwtBearer.csproj", "{49469A2E-C001-4634-80B9-BE590324A5F1}"
EndProject
Project("{9A19103F-16F7-4668-BE54-9A1E7A4F7556}") = "Poxiao.Extras.DatabaseAccessor.SqlSugar", "..\framework\Poxiao.Extras.DatabaseAccessor.SqlSugar\Poxiao.Extras.DatabaseAccessor.SqlSugar.csproj", "{26B5E816-15F4-403D-9154-F1C4AD6C5649}"
EndProject
Project("{9A19103F-16F7-4668-BE54-9A1E7A4F7556}") = "Poxiao.Extras.EventBus.RabbitMQ", "infrastructure\Poxiao.Extras.EventBus.RabbitMQ\Poxiao.Extras.EventBus.RabbitMQ.csproj", "{8AB35AE7-37DD-4FFC-9F78-7B6FAFCADFA4}"
EndProject
Project("{9A19103F-16F7-4668-BE54-9A1E7A4F7556}") = "Poxiao.Extras.ObjectMapper.Mapster", "..\framework\Poxiao.Extras.ObjectMapper.Mapster\Poxiao.Extras.ObjectMapper.Mapster.csproj", "{32EBC9B9-7B03-49DB-AB70-C2CB26250667}"
EndProject
Project("{9A19103F-16F7-4668-BE54-9A1E7A4F7556}") = "Poxiao.Extras.Thirdparty", "infrastructure\Poxiao.Extras.Thirdparty\Poxiao.Extras.Thirdparty.csproj", "{3FA3FAC6-AEC2-4B81-87B3-F9BF4786F0FF}"
EndProject
Project("{9A19103F-16F7-4668-BE54-9A1E7A4F7556}") = "Poxiao.Extras.WebSockets", "infrastructure\Poxiao.Extras.WebSockets\Poxiao.Extras.WebSockets.csproj", "{A27A8ABC-F962-41D4-A4D3-A757032462AD}"
EndProject
Project("{2150E333-8FDC-42A3-9474-1A3956D46DE8}") = "services", "services", "{1230723A-B35C-45C2-9160-7D1DCD1310B0}"
EndProject
Project("{2150E333-8FDC-42A3-9474-1A3956D46DE8}") = "00-Core", "00-Core", "{E4872924-2348-4E06-881A-08625ED98E9F}"
EndProject
Project("{2150E333-8FDC-42A3-9474-1A3956D46DE8}") = "01-OAuth", "01-OAuth", "{D31EA979-FC56-43F9-870C-278BC7048E9C}"
EndProject
Project("{2150E333-8FDC-42A3-9474-1A3956D46DE8}") = "02-System", "02-System", "{C617010A-DDB0-4C64-8706-5B9732AEC034}"
EndProject
Project("{2150E333-8FDC-42A3-9474-1A3956D46DE8}") = "03-Message", "03-Message", "{BA08CE0D-99FB-4227-8835-FDC2D4F65915}"
EndProject
Project("{2150E333-8FDC-42A3-9474-1A3956D46DE8}") = "04-TaskScheduler", "04-TaskScheduler", "{41F693E8-E3B6-4446-8616-73D522246578}"
EndProject
Project("{2150E333-8FDC-42A3-9474-1A3956D46DE8}") = "05-WorkFlow", "05-WorkFlow", "{E6D88F45-8B86-4FAE-A5CD-57269C413C64}"
EndProject
Project("{2150E333-8FDC-42A3-9474-1A3956D46DE8}") = "06-VisualDev", "06-VisualDev", "{161853F8-ADB9-4281-B706-E2E23D40D0F1}"
EndProject
Project("{2150E333-8FDC-42A3-9474-1A3956D46DE8}") = "07-CodeGen", "07-CodeGen", "{5774A37D-CFA9-4003-8E03-D714B7D1006A}"
EndProject
Project("{2150E333-8FDC-42A3-9474-1A3956D46DE8}") = "08-VisualData", "08-VisualData", "{085B8204-4339-4E13-B75D-1E37E35270B9}"
EndProject
Project("{2150E333-8FDC-42A3-9474-1A3956D46DE8}") = "09-Extend", "09-Extend", "{A5AB62A9-B65A-4348-BC4A-60EF67FC1B9D}"
EndProject
Project("{2150E333-8FDC-42A3-9474-1A3956D46DE8}") = "10-App", "10-App", "{80FA1E47-5DA6-4688-A033-F867B0FA6F22}"
EndProject
Project("{2150E333-8FDC-42A3-9474-1A3956D46DE8}") = "11-Engine", "11-Engine", "{2E0553A6-9E63-4A7D-ABAC-E6AC11DCF175}"
EndProject
Project("{2150E333-8FDC-42A3-9474-1A3956D46DE8}") = "12-SubDev", "12-SubDev", "{284BF0A5-9B0A-4B3E-97BC-6E1B3D87B069}"
EndProject
Project("{2150E333-8FDC-42A3-9474-1A3956D46DE8}") = "Solution Items", "Solution Items", "{1B3B434C-4A39-40B1-892C-303706847853}"
	ProjectSection(SolutionItems) = preProject
		.editorconfig = .editorconfig
		..\.gitignore = ..\.gitignore
		Directory.Build.props = Directory.Build.props
		Directory.Build.targets = Directory.Build.targets
		..\Dockerbuild.bat = ..\Dockerbuild.bat
		..\Dockerbuild.dev.bat = ..\Dockerbuild.dev.bat
		..\Dockerfile = ..\Dockerfile
		..\Dockerfile.dev = ..\Dockerfile.dev
		dotnet.ruleset = dotnet.ruleset
		global.json = global.json
		..\README.md = ..\README.md
	EndProjectSection
EndProject
Project("{9A19103F-16F7-4668-BE54-9A1E7A4F7556}") = "Poxiao.Infrastructure", "modularity\common\Poxiao.Common\Poxiao.Infrastructure.csproj", "{B88A96BA-597A-42DA-BCDD-A8DA66754523}"
EndProject
Project("{9A19103F-16F7-4668-BE54-9A1E7A4F7556}") = "Poxiao.Common.CodeGen", "modularity\common\Poxiao.Common.CodeGen\Poxiao.Common.CodeGen.csproj", "{43BDD676-9289-469F-8A3C-F7E3AAC4E4B2}"
EndProject
Project("{9A19103F-16F7-4668-BE54-9A1E7A4F7556}") = "Poxiao.Common.Core", "modularity\common\Poxiao.Common.Core\Poxiao.Common.Core.csproj", "{041BA4C2-D6A8-4823-A990-DCF19F892E0C}"
EndProject
Project("{9A19103F-16F7-4668-BE54-9A1E7A4F7556}") = "Poxiao.VisualDev.Entitys", "modularity\visualdev\Poxiao.VisualDev.Entitys\Poxiao.VisualDev.Entitys.csproj", "{21E30689-1635-4868-B63B-2D5ABEBDB678}"
EndProject
Project("{9A19103F-16F7-4668-BE54-9A1E7A4F7556}") = "Poxiao.Systems.Entitys", "modularity\system\Poxiao.Systems.Entitys\Poxiao.Systems.Entitys.csproj", "{12F796BA-AB77-4B9F-A68C-BD088B930088}"
EndProject
Project("{9A19103F-16F7-4668-BE54-9A1E7A4F7556}") = "Poxiao.OAuth", "modularity\oauth\Poxiao.OAuth\Poxiao.OAuth.csproj", "{E251AB63-E43D-463A-ACFD-DAE0BA6F698E}"
EndProject
Project("{9A19103F-16F7-4668-BE54-9A1E7A4F7556}") = "Poxiao.Systems.Interfaces", "modularity\system\Poxiao.Systems.Interfaces\Poxiao.Systems.Interfaces.csproj", "{42F8CCFE-CF62-4E92-8A39-5201FE588A58}"
EndProject
Project("{9A19103F-16F7-4668-BE54-9A1E7A4F7556}") = "Poxiao.Apps.Entitys", "modularity\app\Poxiao.Apps.Entitys\Poxiao.Apps.Entitys.csproj", "{FCD206FB-9539-4E43-AC14-FB32258C61D0}"
EndProject
Project("{9A19103F-16F7-4668-BE54-9A1E7A4F7556}") = "Poxiao.Systems", "modularity\system\Poxiao.Systems\Poxiao.Systems.csproj", "{3E310B58-AE2F-4A63-8624-0BB52D066E27}"
EndProject
Project("{9A19103F-16F7-4668-BE54-9A1E7A4F7556}") = "Poxiao.VisualDev.Engine", "modularity\engine\Poxiao.VisualDev.Engine\Poxiao.VisualDev.Engine.csproj", "{CCA7A753-B445-479A-BE59-EBA87D2495AE}"
EndProject
Project("{9A19103F-16F7-4668-BE54-9A1E7A4F7556}") = "Poxiao.VisualDev.Interfaces", "modularity\visualdev\Poxiao.VisualDev.Interfaces\Poxiao.VisualDev.Interfaces.csproj", "{AD1DF7BB-F953-42C7-ADBC-8288EDB60A25}"
EndProject
Project("{9A19103F-16F7-4668-BE54-9A1E7A4F7556}") = "Poxiao.WorkFlow.Entitys", "modularity\workflow\Poxiao.WorkFlow.Entitys\Poxiao.WorkFlow.Entitys.csproj", "{7C2404A9-CC44-42B7-A21E-2C60576FA9E7}"
EndProject
Project("{9A19103F-16F7-4668-BE54-9A1E7A4F7556}") = "Poxiao.Message.Entitys", "modularity\message\Poxiao.Message.Entitys\Poxiao.Message.Entitys.csproj", "{43B32B21-D755-4D30-B4BF-25EFA7D889A6}"
EndProject
Project("{9A19103F-16F7-4668-BE54-9A1E7A4F7556}") = "Poxiao.Message.Interfaces", "modularity\message\Poxiao.Message.Interfaces\Poxiao.Message.Interfaces.csproj", "{826C30EF-9188-4E9A-BEE5-04889168F711}"
EndProject
Project("{9A19103F-16F7-4668-BE54-9A1E7A4F7556}") = "Poxiao.Message", "modularity\message\Poxiao.Message\Poxiao.Message.csproj", "{7451AEC8-3EA0-4BD5-AE1A-4885A87B8100}"
EndProject
Project("{9A19103F-16F7-4668-BE54-9A1E7A4F7556}") = "Poxiao.TaskScheduler", "modularity\taskschedule\Poxiao.TaskScheduler\Poxiao.TaskScheduler.csproj", "{3E49F6C2-20EC-4EA5-AB69-8012E55772ED}"
EndProject
Project("{9A19103F-16F7-4668-BE54-9A1E7A4F7556}") = "Poxiao.TaskScheduler.Entitys", "modularity\taskschedule\Poxiao.TaskScheduler.Entitys\Poxiao.TaskScheduler.Entitys.csproj", "{7479E0D9-C9ED-4FD7-8ED3-30F831EA3F17}"
EndProject
Project("{9A19103F-16F7-4668-BE54-9A1E7A4F7556}") = "Poxiao.TaskScheduler.Interfaces", "modularity\taskschedule\Poxiao.TaskScheduler.Interfaces\Poxiao.TaskScheduler.Interfaces.csproj", "{C48A88A1-8C7A-4EC3-A58D-E2C9E6334C9B}"
EndProject
Project("{9A19103F-16F7-4668-BE54-9A1E7A4F7556}") = "Poxiao.CodeGen", "modularity\codegen\Poxiao.CodeGen\Poxiao.CodeGen.csproj", "{0239EBCB-B5CF-463F-89D5-2FF61BF5190F}"
EndProject
Project("{9A19103F-16F7-4668-BE54-9A1E7A4F7556}") = "Poxiao.Extend.Interfaces", "modularity\extend\Poxiao.Extend.Interfaces\Poxiao.Extend.Interfaces.csproj", "{FBEE90C9-BB90-4B93-A34B-4AEC25F13344}"
EndProject
Project("{9A19103F-16F7-4668-BE54-9A1E7A4F7556}") = "Poxiao.Extend.Entitys", "modularity\extend\Poxiao.Extend.Entitys\Poxiao.Extend.Entitys.csproj", "{3B205F4B-393E-4399-9032-11DC7D219D83}"
EndProject
Project("{9A19103F-16F7-4668-BE54-9A1E7A4F7556}") = "Poxiao.Extend", "modularity\extend\Poxiao.Extend\Poxiao.Extend.csproj", "{10A7B021-1171-4C6F-8CC1-45C0FFDAAB43}"
EndProject
Project("{9A19103F-16F7-4668-BE54-9A1E7A4F7556}") = "Poxiao.VisualDev", "modularity\visualdev\Poxiao.VisualDev\Poxiao.VisualDev.csproj", "{429C3E54-2F39-4F67-9208-F649A8F7D357}"
EndProject
Project("{9A19103F-16F7-4668-BE54-9A1E7A4F7556}") = "Poxiao.VisualData", "modularity\visualdata\Poxiao.VisualData\Poxiao.VisualData.csproj", "{6645E934-0517-42F7-B9B6-E73BEDAED535}"
EndProject
Project("{9A19103F-16F7-4668-BE54-9A1E7A4F7556}") = "Poxiao.VisualData.Entitys", "modularity\visualdata\Poxiao.VisualData.Entitys\Poxiao.VisualData.Entitys.csproj", "{1E4728F6-4BAE-4D6B-927C-288A0CF292ED}"
EndProject
Project("{9A19103F-16F7-4668-BE54-9A1E7A4F7556}") = "Poxiao.Apps.Interfaces", "modularity\app\Poxiao.Apps.Interfaces\Poxiao.Apps.Interfaces.csproj", "{AC72EC83-2F8D-4757-ACE7-83635A971DAE}"
EndProject
Project("{9A19103F-16F7-4668-BE54-9A1E7A4F7556}") = "Poxiao.Apps", "modularity\app\Poxiao.Apps\Poxiao.Apps.csproj", "{44EAD1DB-6B4B-47B2-B727-5DC7621A18D0}"
EndProject
Project("{9A19103F-16F7-4668-BE54-9A1E7A4F7556}") = "Poxiao.WorkFlow.Interfaces", "modularity\workflow\Poxiao.WorkFlow.Interfaces\Poxiao.WorkFlow.Interfaces.csproj", "{D33863E2-39CF-47FA-9AC7-DDEFA8DAF7C7}"
EndProject
Project("{9A19103F-16F7-4668-BE54-9A1E7A4F7556}") = "Poxiao.SubDev.Entitys", "modularity\subdev\Poxiao.SubDev.Entitys\Poxiao.SubDev.Entitys.csproj", "{7242CDB2-C08F-4CED-888E-26073D8A10A8}"
EndProject
Project("{9A19103F-16F7-4668-BE54-9A1E7A4F7556}") = "Poxiao.SubDev.Interfaces", "modularity\subdev\Poxiao.SubDev.Interfaces\Poxiao.SubDev.Interfaces.csproj", "{D84A1817-743D-453D-81F7-7F8B4F6C1DC2}"
EndProject
Project("{9A19103F-16F7-4668-BE54-9A1E7A4F7556}") = "Poxiao.SubDev", "modularity\subdev\Poxiao.SubDev\Poxiao.SubDev.csproj", "{1B5296EB-D81F-454C-995A-DB4CC2E61415}"
EndProject
Project("{9A19103F-16F7-4668-BE54-9A1E7A4F7556}") = "Poxiao.WorkFlow", "modularity\workflow\Poxiao.WorkFlow\Poxiao.WorkFlow.csproj", "{CDD9CA1F-C4D5-43A2-A2F8-B3EE214B5C75}"
EndProject
Project("{9A19103F-16F7-4668-BE54-9A1E7A4F7556}") = "Poxiao.Extras.CollectiveOAuth", "infrastructure\Poxiao.Extras.CollectiveOAuth\Poxiao.Extras.CollectiveOAuth.csproj", "{719C8C15-B492-43DF-9DC2-555FFCF960BD}"
EndProject
Project("{9A19103F-16F7-4668-BE54-9A1E7A4F7556}") = "Poxiao.API.Entry", "application\Poxiao.API.Entry\Poxiao.API.Entry.csproj", "{53604AFB-0CCA-41EB-9A71-50D650106BFD}"
EndProject
Project("{2150E333-8FDC-42A3-9474-1A3956D46DE8}") = "KPI", "KPI", "{6E7B3100-4CCF-4786-B05D-3FFEEC12B62D}"
EndProject
Project("{9A19103F-16F7-4668-BE54-9A1E7A4F7556}") = "Poxiao.Kpi.Application", "modularity\kpi\Poxiao.Kpi.Application\Poxiao.Kpi.Application.csproj", "{074789E4-65BE-4A3D-AF7D-D094E2491A2D}"
EndProject
Project("{9A19103F-16F7-4668-BE54-9A1E7A4F7556}") = "Poxiao.Kpi.Core", "modularity\kpi\Poxiao.Kpi.Core\Poxiao.Kpi.Core.csproj", "{E94E2716-E6C5-4F93-811D-504690742BCC}"
EndProject
Project("{9A19103F-16F7-4668-BE54-9A1E7A4F7556}") = "Poxiao.Kpi.Web.Core", "modularity\kpi\Poxiao.Kpi.Web.Core\Poxiao.Kpi.Web.Core.csproj", "{E0BD9517-8C01-4B24-96CF-8184FE0FAAE9}"
EndProject
Project("{2150E333-8FDC-42A3-9474-1A3956D46DE8}") = "Lab", "Lab", "{18D51622-41E9-4168-AA30-EEE4228748BD}"
EndProject
Project("{FAE04EC0-301F-11D3-BF4B-00C04F79EFBC}") = "Poxiao.Lab.Entity", "modularity\lab\Poxiao.Lab.Entity\Poxiao.Lab.Entity.csproj", "{1AA4DFC7-1B82-A476-5EB1-E41600F0DD34}"
EndProject
Project("{FAE04EC0-301F-11D3-BF4B-00C04F79EFBC}") = "Poxiao.Lab", "modularity\lab\Poxiao.Lab\Poxiao.Lab.csproj", "{E245E9B2-F9CC-AD56-5B72-1EC45A756ADD}"
EndProject
Project("{FAE04EC0-301F-11D3-BF4B-00C04F79EFBC}") = "Poxiao.Lab.Interfaces", "modularity\lab\Poxiao.Lab.Interfaces\Poxiao.Lab.Interfaces.csproj", "{BED85DB9-71C0-AB0F-5C75-B013E15069D0}"
EndProject
Project("{2150E333-8FDC-42A3-9474-1A3956D46DE8}") = "AI", "AI", "{3AFAF458-86E7-4EB2-AE83-02E19E183550}"
EndProject
Project("{FAE04EC0-301F-11D3-BF4B-00C04F79EFBC}") = "Poxiao.AI", "modularity\ai\Poxiao.AI\Poxiao.AI.csproj", "{D4D3BADA-DC6D-9648-18E5-514C4BDA903F}"
EndProject
Project("{FAE04EC0-301F-11D3-BF4B-00C04F79EFBC}") = "Poxiao.AI.Interfaces", "modularity\ai\Poxiao.AI.Interfaces\Poxiao.AI.Interfaces.csproj", "{260FAF6D-051A-BF33-C554-855DBE7B8056}"
EndProject
Project("{FAE04EC0-301F-11D3-BF4B-00C04F79EFBC}") = "Poxiao.AI.Web.Core", "modularity\ai\Poxiao.AI.Web.Core\Poxiao.AI.Web.Core.csproj", "{3AFB1E45-4BAD-593F-AA12-D492533A8563}"
EndProject
Project("{2150E333-8FDC-42A3-9474-1A3956D46DE8}") = "tests", "tests", "{0FC5BED4-64F8-48B5-A176-B39C77FFE5DA}"
EndProject
Project("{FAE04EC0-301F-11D3-BF4B-00C04F79EFBC}") = "Poxiao.UnitTests", "..\tests\Poxiao.UnitTests\Poxiao.UnitTests.csproj", "{D4381F26-CFB7-4FC5-27A4-B4612EE87945}"
EndProject
Global
	GlobalSection(SolutionConfigurationPlatforms) = preSolution
		Debug|Any CPU = Debug|Any CPU
		Release|Any CPU = Release|Any CPU
	EndGlobalSection
	GlobalSection(ProjectConfigurationPlatforms) = postSolution
		{7CC99346-6DAC-4C22-AFF5-F08D8117916C}.Debug|Any CPU.ActiveCfg = Debug|Any CPU
		{7CC99346-6DAC-4C22-AFF5-F08D8117916C}.Debug|Any CPU.Build.0 = Debug|Any CPU
		{7CC99346-6DAC-4C22-AFF5-F08D8117916C}.Release|Any CPU.ActiveCfg = Release|Any CPU
		{7CC99346-6DAC-4C22-AFF5-F08D8117916C}.Release|Any CPU.Build.0 = Release|Any CPU
		{49469A2E-C001-4634-80B9-BE590324A5F1}.Debug|Any CPU.ActiveCfg = Debug|Any CPU
		{49469A2E-C001-4634-80B9-BE590324A5F1}.Debug|Any CPU.Build.0 = Debug|Any CPU
		{49469A2E-C001-4634-80B9-BE590324A5F1}.Release|Any CPU.ActiveCfg = Release|Any CPU
		{49469A2E-C001-4634-80B9-BE590324A5F1}.Release|Any CPU.Build.0 = Release|Any CPU
		{26B5E816-15F4-403D-9154-F1C4AD6C5649}.Debug|Any CPU.ActiveCfg = Debug|Any CPU
		{26B5E816-15F4-403D-9154-F1C4AD6C5649}.Debug|Any CPU.Build.0 = Debug|Any CPU
		{26B5E816-15F4-403D-9154-F1C4AD6C5649}.Release|Any CPU.ActiveCfg = Release|Any CPU
		{26B5E816-15F4-403D-9154-F1C4AD6C5649}.Release|Any CPU.Build.0 = Release|Any CPU
		{8AB35AE7-37DD-4FFC-9F78-7B6FAFCADFA4}.Debug|Any CPU.ActiveCfg = Debug|Any CPU
		{8AB35AE7-37DD-4FFC-9F78-7B6FAFCADFA4}.Debug|Any CPU.Build.0 = Debug|Any CPU
		{8AB35AE7-37DD-4FFC-9F78-7B6FAFCADFA4}.Release|Any CPU.ActiveCfg = Release|Any CPU
		{8AB35AE7-37DD-4FFC-9F78-7B6FAFCADFA4}.Release|Any CPU.Build.0 = Release|Any CPU
		{32EBC9B9-7B03-49DB-AB70-C2CB26250667}.Debug|Any CPU.ActiveCfg = Debug|Any CPU
		{32EBC9B9-7B03-49DB-AB70-C2CB26250667}.Debug|Any CPU.Build.0 = Debug|Any CPU
		{32EBC9B9-7B03-49DB-AB70-C2CB26250667}.Release|Any CPU.ActiveCfg = Release|Any CPU
		{32EBC9B9-7B03-49DB-AB70-C2CB26250667}.Release|Any CPU.Build.0 = Release|Any CPU
		{3FA3FAC6-AEC2-4B81-87B3-F9BF4786F0FF}.Debug|Any CPU.ActiveCfg = Debug|Any CPU
		{3FA3FAC6-AEC2-4B81-87B3-F9BF4786F0FF}.Debug|Any CPU.Build.0 = Debug|Any CPU
		{3FA3FAC6-AEC2-4B81-87B3-F9BF4786F0FF}.Release|Any CPU.ActiveCfg = Release|Any CPU
		{3FA3FAC6-AEC2-4B81-87B3-F9BF4786F0FF}.Release|Any CPU.Build.0 = Release|Any CPU
		{A27A8ABC-F962-41D4-A4D3-A757032462AD}.Debug|Any CPU.ActiveCfg = Debug|Any CPU
		{A27A8ABC-F962-41D4-A4D3-A757032462AD}.Debug|Any CPU.Build.0 = Debug|Any CPU
		{A27A8ABC-F962-41D4-A4D3-A757032462AD}.Release|Any CPU.ActiveCfg = Release|Any CPU
		{A27A8ABC-F962-41D4-A4D3-A757032462AD}.Release|Any CPU.Build.0 = Release|Any CPU
		{B88A96BA-597A-42DA-BCDD-A8DA66754523}.Debug|Any CPU.ActiveCfg = Debug|Any CPU
		{B88A96BA-597A-42DA-BCDD-A8DA66754523}.Debug|Any CPU.Build.0 = Debug|Any CPU
		{B88A96BA-597A-42DA-BCDD-A8DA66754523}.Release|Any CPU.ActiveCfg = Release|Any CPU
		{B88A96BA-597A-42DA-BCDD-A8DA66754523}.Release|Any CPU.Build.0 = Release|Any CPU
		{43BDD676-9289-469F-8A3C-F7E3AAC4E4B2}.Debug|Any CPU.ActiveCfg = Debug|Any CPU
		{43BDD676-9289-469F-8A3C-F7E3AAC4E4B2}.Debug|Any CPU.Build.0 = Debug|Any CPU
		{43BDD676-9289-469F-8A3C-F7E3AAC4E4B2}.Release|Any CPU.ActiveCfg = Release|Any CPU
		{43BDD676-9289-469F-8A3C-F7E3AAC4E4B2}.Release|Any CPU.Build.0 = Release|Any CPU
		{041BA4C2-D6A8-4823-A990-DCF19F892E0C}.Debug|Any CPU.ActiveCfg = Debug|Any CPU
		{041BA4C2-D6A8-4823-A990-DCF19F892E0C}.Debug|Any CPU.Build.0 = Debug|Any CPU
		{041BA4C2-D6A8-4823-A990-DCF19F892E0C}.Release|Any CPU.ActiveCfg = Release|Any CPU
		{041BA4C2-D6A8-4823-A990-DCF19F892E0C}.Release|Any CPU.Build.0 = Release|Any CPU
		{21E30689-1635-4868-B63B-2D5ABEBDB678}.Debug|Any CPU.ActiveCfg = Debug|Any CPU
		{21E30689-1635-4868-B63B-2D5ABEBDB678}.Debug|Any CPU.Build.0 = Debug|Any CPU
		{21E30689-1635-4868-B63B-2D5ABEBDB678}.Release|Any CPU.ActiveCfg = Release|Any CPU
		{21E30689-1635-4868-B63B-2D5ABEBDB678}.Release|Any CPU.Build.0 = Release|Any CPU
		{12F796BA-AB77-4B9F-A68C-BD088B930088}.Debug|Any CPU.ActiveCfg = Debug|Any CPU
		{12F796BA-AB77-4B9F-A68C-BD088B930088}.Debug|Any CPU.Build.0 = Debug|Any CPU
		{12F796BA-AB77-4B9F-A68C-BD088B930088}.Release|Any CPU.ActiveCfg = Release|Any CPU
		{12F796BA-AB77-4B9F-A68C-BD088B930088}.Release|Any CPU.Build.0 = Release|Any CPU
		{E251AB63-E43D-463A-ACFD-DAE0BA6F698E}.Debug|Any CPU.ActiveCfg = Debug|Any CPU
		{E251AB63-E43D-463A-ACFD-DAE0BA6F698E}.Debug|Any CPU.Build.0 = Debug|Any CPU
		{E251AB63-E43D-463A-ACFD-DAE0BA6F698E}.Release|Any CPU.ActiveCfg = Release|Any CPU
		{E251AB63-E43D-463A-ACFD-DAE0BA6F698E}.Release|Any CPU.Build.0 = Release|Any CPU
		{42F8CCFE-CF62-4E92-8A39-5201FE588A58}.Debug|Any CPU.ActiveCfg = Debug|Any CPU
		{42F8CCFE-CF62-4E92-8A39-5201FE588A58}.Debug|Any CPU.Build.0 = Debug|Any CPU
		{42F8CCFE-CF62-4E92-8A39-5201FE588A58}.Release|Any CPU.ActiveCfg = Release|Any CPU
		{42F8CCFE-CF62-4E92-8A39-5201FE588A58}.Release|Any CPU.Build.0 = Release|Any CPU
		{FCD206FB-9539-4E43-AC14-FB32258C61D0}.Debug|Any CPU.ActiveCfg = Debug|Any CPU
		{FCD206FB-9539-4E43-AC14-FB32258C61D0}.Debug|Any CPU.Build.0 = Debug|Any CPU
		{FCD206FB-9539-4E43-AC14-FB32258C61D0}.Release|Any CPU.ActiveCfg = Release|Any CPU
		{FCD206FB-9539-4E43-AC14-FB32258C61D0}.Release|Any CPU.Build.0 = Release|Any CPU
		{3E310B58-AE2F-4A63-8624-0BB52D066E27}.Debug|Any CPU.ActiveCfg = Debug|Any CPU
		{3E310B58-AE2F-4A63-8624-0BB52D066E27}.Debug|Any CPU.Build.0 = Debug|Any CPU
		{3E310B58-AE2F-4A63-8624-0BB52D066E27}.Release|Any CPU.ActiveCfg = Release|Any CPU
		{3E310B58-AE2F-4A63-8624-0BB52D066E27}.Release|Any CPU.Build.0 = Release|Any CPU
		{CCA7A753-B445-479A-BE59-EBA87D2495AE}.Debug|Any CPU.ActiveCfg = Debug|Any CPU
		{CCA7A753-B445-479A-BE59-EBA87D2495AE}.Debug|Any CPU.Build.0 = Debug|Any CPU
		{CCA7A753-B445-479A-BE59-EBA87D2495AE}.Release|Any CPU.ActiveCfg = Release|Any CPU
		{CCA7A753-B445-479A-BE59-EBA87D2495AE}.Release|Any CPU.Build.0 = Release|Any CPU
		{AD1DF7BB-F953-42C7-ADBC-8288EDB60A25}.Debug|Any CPU.ActiveCfg = Debug|Any CPU
		{AD1DF7BB-F953-42C7-ADBC-8288EDB60A25}.Debug|Any CPU.Build.0 = Debug|Any CPU
		{AD1DF7BB-F953-42C7-ADBC-8288EDB60A25}.Release|Any CPU.ActiveCfg = Release|Any CPU
		{AD1DF7BB-F953-42C7-ADBC-8288EDB60A25}.Release|Any CPU.Build.0 = Release|Any CPU
		{7C2404A9-CC44-42B7-A21E-2C60576FA9E7}.Debug|Any CPU.ActiveCfg = Debug|Any CPU
		{7C2404A9-CC44-42B7-A21E-2C60576FA9E7}.Debug|Any CPU.Build.0 = Debug|Any CPU
		{7C2404A9-CC44-42B7-A21E-2C60576FA9E7}.Release|Any CPU.ActiveCfg = Release|Any CPU
		{7C2404A9-CC44-42B7-A21E-2C60576FA9E7}.Release|Any CPU.Build.0 = Release|Any CPU
		{43B32B21-D755-4D30-B4BF-25EFA7D889A6}.Debug|Any CPU.ActiveCfg = Debug|Any CPU
		{43B32B21-D755-4D30-B4BF-25EFA7D889A6}.Debug|Any CPU.Build.0 = Debug|Any CPU
		{43B32B21-D755-4D30-B4BF-25EFA7D889A6}.Release|Any CPU.ActiveCfg = Release|Any CPU
		{43B32B21-D755-4D30-B4BF-25EFA7D889A6}.Release|Any CPU.Build.0 = Release|Any CPU
		{826C30EF-9188-4E9A-BEE5-04889168F711}.Debug|Any CPU.ActiveCfg = Debug|Any CPU
		{826C30EF-9188-4E9A-BEE5-04889168F711}.Debug|Any CPU.Build.0 = Debug|Any CPU
		{826C30EF-9188-4E9A-BEE5-04889168F711}.Release|Any CPU.ActiveCfg = Release|Any CPU
		{826C30EF-9188-4E9A-BEE5-04889168F711}.Release|Any CPU.Build.0 = Release|Any CPU
		{7451AEC8-3EA0-4BD5-AE1A-4885A87B8100}.Debug|Any CPU.ActiveCfg = Debug|Any CPU
		{7451AEC8-3EA0-4BD5-AE1A-4885A87B8100}.Debug|Any CPU.Build.0 = Debug|Any CPU
		{7451AEC8-3EA0-4BD5-AE1A-4885A87B8100}.Release|Any CPU.ActiveCfg = Release|Any CPU
		{7451AEC8-3EA0-4BD5-AE1A-4885A87B8100}.Release|Any CPU.Build.0 = Release|Any CPU
		{3E49F6C2-20EC-4EA5-AB69-8012E55772ED}.Debug|Any CPU.ActiveCfg = Debug|Any CPU
		{3E49F6C2-20EC-4EA5-AB69-8012E55772ED}.Debug|Any CPU.Build.0 = Debug|Any CPU
		{3E49F6C2-20EC-4EA5-AB69-8012E55772ED}.Release|Any CPU.ActiveCfg = Release|Any CPU
		{3E49F6C2-20EC-4EA5-AB69-8012E55772ED}.Release|Any CPU.Build.0 = Release|Any CPU
		{7479E0D9-C9ED-4FD7-8ED3-30F831EA3F17}.Debug|Any CPU.ActiveCfg = Debug|Any CPU
		{7479E0D9-C9ED-4FD7-8ED3-30F831EA3F17}.Debug|Any CPU.Build.0 = Debug|Any CPU
		{7479E0D9-C9ED-4FD7-8ED3-30F831EA3F17}.Release|Any CPU.ActiveCfg = Release|Any CPU
		{7479E0D9-C9ED-4FD7-8ED3-30F831EA3F17}.Release|Any CPU.Build.0 = Release|Any CPU
		{C48A88A1-8C7A-4EC3-A58D-E2C9E6334C9B}.Debug|Any CPU.ActiveCfg = Debug|Any CPU
		{C48A88A1-8C7A-4EC3-A58D-E2C9E6334C9B}.Debug|Any CPU.Build.0 = Debug|Any CPU
		{C48A88A1-8C7A-4EC3-A58D-E2C9E6334C9B}.Release|Any CPU.ActiveCfg = Release|Any CPU
		{C48A88A1-8C7A-4EC3-A58D-E2C9E6334C9B}.Release|Any CPU.Build.0 = Release|Any CPU
		{0239EBCB-B5CF-463F-89D5-2FF61BF5190F}.Debug|Any CPU.ActiveCfg = Debug|Any CPU
		{0239EBCB-B5CF-463F-89D5-2FF61BF5190F}.Debug|Any CPU.Build.0 = Debug|Any CPU
		{0239EBCB-B5CF-463F-89D5-2FF61BF5190F}.Release|Any CPU.ActiveCfg = Release|Any CPU
		{0239EBCB-B5CF-463F-89D5-2FF61BF5190F}.Release|Any CPU.Build.0 = Release|Any CPU
		{FBEE90C9-BB90-4B93-A34B-4AEC25F13344}.Debug|Any CPU.ActiveCfg = Debug|Any CPU
		{FBEE90C9-BB90-4B93-A34B-4AEC25F13344}.Debug|Any CPU.Build.0 = Debug|Any CPU
		{FBEE90C9-BB90-4B93-A34B-4AEC25F13344}.Release|Any CPU.ActiveCfg = Release|Any CPU
		{FBEE90C9-BB90-4B93-A34B-4AEC25F13344}.Release|Any CPU.Build.0 = Release|Any CPU
		{3B205F4B-393E-4399-9032-11DC7D219D83}.Debug|Any CPU.ActiveCfg = Debug|Any CPU
		{3B205F4B-393E-4399-9032-11DC7D219D83}.Debug|Any CPU.Build.0 = Debug|Any CPU
		{3B205F4B-393E-4399-9032-11DC7D219D83}.Release|Any CPU.ActiveCfg = Release|Any CPU
		{3B205F4B-393E-4399-9032-11DC7D219D83}.Release|Any CPU.Build.0 = Release|Any CPU
		{10A7B021-1171-4C6F-8CC1-45C0FFDAAB43}.Debug|Any CPU.ActiveCfg = Debug|Any CPU
		{10A7B021-1171-4C6F-8CC1-45C0FFDAAB43}.Debug|Any CPU.Build.0 = Debug|Any CPU
		{10A7B021-1171-4C6F-8CC1-45C0FFDAAB43}.Release|Any CPU.ActiveCfg = Release|Any CPU
		{10A7B021-1171-4C6F-8CC1-45C0FFDAAB43}.Release|Any CPU.Build.0 = Release|Any CPU
		{429C3E54-2F39-4F67-9208-F649A8F7D357}.Debug|Any CPU.ActiveCfg = Debug|Any CPU
		{429C3E54-2F39-4F67-9208-F649A8F7D357}.Debug|Any CPU.Build.0 = Debug|Any CPU
		{429C3E54-2F39-4F67-9208-F649A8F7D357}.Release|Any CPU.ActiveCfg = Release|Any CPU
		{429C3E54-2F39-4F67-9208-F649A8F7D357}.Release|Any CPU.Build.0 = Release|Any CPU
		{6645E934-0517-42F7-B9B6-E73BEDAED535}.Debug|Any CPU.ActiveCfg = Debug|Any CPU
		{6645E934-0517-42F7-B9B6-E73BEDAED535}.Debug|Any CPU.Build.0 = Debug|Any CPU
		{6645E934-0517-42F7-B9B6-E73BEDAED535}.Release|Any CPU.ActiveCfg = Release|Any CPU
		{6645E934-0517-42F7-B9B6-E73BEDAED535}.Release|Any CPU.Build.0 = Release|Any CPU
		{1E4728F6-4BAE-4D6B-927C-288A0CF292ED}.Debug|Any CPU.ActiveCfg = Debug|Any CPU
		{1E4728F6-4BAE-4D6B-927C-288A0CF292ED}.Debug|Any CPU.Build.0 = Debug|Any CPU
		{1E4728F6-4BAE-4D6B-927C-288A0CF292ED}.Release|Any CPU.ActiveCfg = Release|Any CPU
		{1E4728F6-4BAE-4D6B-927C-288A0CF292ED}.Release|Any CPU.Build.0 = Release|Any CPU
		{AC72EC83-2F8D-4757-ACE7-83635A971DAE}.Debug|Any CPU.ActiveCfg = Debug|Any CPU
		{AC72EC83-2F8D-4757-ACE7-83635A971DAE}.Debug|Any CPU.Build.0 = Debug|Any CPU
		{AC72EC83-2F8D-4757-ACE7-83635A971DAE}.Release|Any CPU.ActiveCfg = Release|Any CPU
		{AC72EC83-2F8D-4757-ACE7-83635A971DAE}.Release|Any CPU.Build.0 = Release|Any CPU
		{44EAD1DB-6B4B-47B2-B727-5DC7621A18D0}.Debug|Any CPU.ActiveCfg = Debug|Any CPU
		{44EAD1DB-6B4B-47B2-B727-5DC7621A18D0}.Debug|Any CPU.Build.0 = Debug|Any CPU
		{44EAD1DB-6B4B-47B2-B727-5DC7621A18D0}.Release|Any CPU.ActiveCfg = Release|Any CPU
		{44EAD1DB-6B4B-47B2-B727-5DC7621A18D0}.Release|Any CPU.Build.0 = Release|Any CPU
		{D33863E2-39CF-47FA-9AC7-DDEFA8DAF7C7}.Debug|Any CPU.ActiveCfg = Debug|Any CPU
		{D33863E2-39CF-47FA-9AC7-DDEFA8DAF7C7}.Debug|Any CPU.Build.0 = Debug|Any CPU
		{D33863E2-39CF-47FA-9AC7-DDEFA8DAF7C7}.Release|Any CPU.ActiveCfg = Release|Any CPU
		{D33863E2-39CF-47FA-9AC7-DDEFA8DAF7C7}.Release|Any CPU.Build.0 = Release|Any CPU
		{7242CDB2-C08F-4CED-888E-26073D8A10A8}.Debug|Any CPU.ActiveCfg = Debug|Any CPU
		{7242CDB2-C08F-4CED-888E-26073D8A10A8}.Debug|Any CPU.Build.0 = Debug|Any CPU
		{7242CDB2-C08F-4CED-888E-26073D8A10A8}.Release|Any CPU.ActiveCfg = Release|Any CPU
		{7242CDB2-C08F-4CED-888E-26073D8A10A8}.Release|Any CPU.Build.0 = Release|Any CPU
		{D84A1817-743D-453D-81F7-7F8B4F6C1DC2}.Debug|Any CPU.ActiveCfg = Debug|Any CPU
		{D84A1817-743D-453D-81F7-7F8B4F6C1DC2}.Debug|Any CPU.Build.0 = Debug|Any CPU
		{D84A1817-743D-453D-81F7-7F8B4F6C1DC2}.Release|Any CPU.ActiveCfg = Release|Any CPU
		{D84A1817-743D-453D-81F7-7F8B4F6C1DC2}.Release|Any CPU.Build.0 = Release|Any CPU
		{1B5296EB-D81F-454C-995A-DB4CC2E61415}.Debug|Any CPU.ActiveCfg = Debug|Any CPU
		{1B5296EB-D81F-454C-995A-DB4CC2E61415}.Debug|Any CPU.Build.0 = Debug|Any CPU
		{1B5296EB-D81F-454C-995A-DB4CC2E61415}.Release|Any CPU.ActiveCfg = Release|Any CPU
		{1B5296EB-D81F-454C-995A-DB4CC2E61415}.Release|Any CPU.Build.0 = Release|Any CPU
		{CDD9CA1F-C4D5-43A2-A2F8-B3EE214B5C75}.Debug|Any CPU.ActiveCfg = Debug|Any CPU
		{CDD9CA1F-C4D5-43A2-A2F8-B3EE214B5C75}.Debug|Any CPU.Build.0 = Debug|Any CPU
		{CDD9CA1F-C4D5-43A2-A2F8-B3EE214B5C75}.Release|Any CPU.ActiveCfg = Release|Any CPU
		{CDD9CA1F-C4D5-43A2-A2F8-B3EE214B5C75}.Release|Any CPU.Build.0 = Release|Any CPU
		{719C8C15-B492-43DF-9DC2-555FFCF960BD}.Debug|Any CPU.ActiveCfg = Debug|Any CPU
		{719C8C15-B492-43DF-9DC2-555FFCF960BD}.Debug|Any CPU.Build.0 = Debug|Any CPU
		{719C8C15-B492-43DF-9DC2-555FFCF960BD}.Release|Any CPU.ActiveCfg = Release|Any CPU
		{719C8C15-B492-43DF-9DC2-555FFCF960BD}.Release|Any CPU.Build.0 = Release|Any CPU
		{53604AFB-0CCA-41EB-9A71-50D650106BFD}.Debug|Any CPU.ActiveCfg = Debug|Any CPU
		{53604AFB-0CCA-41EB-9A71-50D650106BFD}.Debug|Any CPU.Build.0 = Debug|Any CPU
		{53604AFB-0CCA-41EB-9A71-50D650106BFD}.Release|Any CPU.ActiveCfg = Release|Any CPU
		{53604AFB-0CCA-41EB-9A71-50D650106BFD}.Release|Any CPU.Build.0 = Release|Any CPU
		{074789E4-65BE-4A3D-AF7D-D094E2491A2D}.Debug|Any CPU.ActiveCfg = Debug|Any CPU
		{074789E4-65BE-4A3D-AF7D-D094E2491A2D}.Debug|Any CPU.Build.0 = Debug|Any CPU
		{074789E4-65BE-4A3D-AF7D-D094E2491A2D}.Release|Any CPU.ActiveCfg = Release|Any CPU
		{074789E4-65BE-4A3D-AF7D-D094E2491A2D}.Release|Any CPU.Build.0 = Release|Any CPU
		{E94E2716-E6C5-4F93-811D-504690742BCC}.Debug|Any CPU.ActiveCfg = Debug|Any CPU
		{E94E2716-E6C5-4F93-811D-504690742BCC}.Debug|Any CPU.Build.0 = Debug|Any CPU
		{E94E2716-E6C5-4F93-811D-504690742BCC}.Release|Any CPU.ActiveCfg = Release|Any CPU
		{E94E2716-E6C5-4F93-811D-504690742BCC}.Release|Any CPU.Build.0 = Release|Any CPU
		{E0BD9517-8C01-4B24-96CF-8184FE0FAAE9}.Debug|Any CPU.ActiveCfg = Debug|Any CPU
		{E0BD9517-8C01-4B24-96CF-8184FE0FAAE9}.Debug|Any CPU.Build.0 = Debug|Any CPU
		{E0BD9517-8C01-4B24-96CF-8184FE0FAAE9}.Release|Any CPU.ActiveCfg = Release|Any CPU
		{E0BD9517-8C01-4B24-96CF-8184FE0FAAE9}.Release|Any CPU.Build.0 = Release|Any CPU
		{1AA4DFC7-1B82-A476-5EB1-E41600F0DD34}.Debug|Any CPU.ActiveCfg = Debug|Any CPU
		{1AA4DFC7-1B82-A476-5EB1-E41600F0DD34}.Debug|Any CPU.Build.0 = Debug|Any CPU
		{1AA4DFC7-1B82-A476-5EB1-E41600F0DD34}.Release|Any CPU.ActiveCfg = Release|Any CPU
		{1AA4DFC7-1B82-A476-5EB1-E41600F0DD34}.Release|Any CPU.Build.0 = Release|Any CPU
		{E245E9B2-F9CC-AD56-5B72-1EC45A756ADD}.Debug|Any CPU.ActiveCfg = Debug|Any CPU
		{E245E9B2-F9CC-AD56-5B72-1EC45A756ADD}.Debug|Any CPU.Build.0 = Debug|Any CPU
		{E245E9B2-F9CC-AD56-5B72-1EC45A756ADD}.Release|Any CPU.ActiveCfg = Release|Any CPU
		{E245E9B2-F9CC-AD56-5B72-1EC45A756ADD}.Release|Any CPU.Build.0 = Release|Any CPU
		{BED85DB9-71C0-AB0F-5C75-B013E15069D0}.Debug|Any CPU.ActiveCfg = Debug|Any CPU
		{BED85DB9-71C0-AB0F-5C75-B013E15069D0}.Debug|Any CPU.Build.0 = Debug|Any CPU
		{BED85DB9-71C0-AB0F-5C75-B013E15069D0}.Release|Any CPU.ActiveCfg = Release|Any CPU
		{BED85DB9-71C0-AB0F-5C75-B013E15069D0}.Release|Any CPU.Build.0 = Release|Any CPU
		{D4D3BADA-DC6D-9648-18E5-514C4BDA903F}.Debug|Any CPU.ActiveCfg = Debug|Any CPU
		{D4D3BADA-DC6D-9648-18E5-514C4BDA903F}.Debug|Any CPU.Build.0 = Debug|Any CPU
		{D4D3BADA-DC6D-9648-18E5-514C4BDA903F}.Release|Any CPU.ActiveCfg = Release|Any CPU
		{D4D3BADA-DC6D-9648-18E5-514C4BDA903F}.Release|Any CPU.Build.0 = Release|Any CPU
		{260FAF6D-051A-BF33-C554-855DBE7B8056}.Debug|Any CPU.ActiveCfg = Debug|Any CPU
		{260FAF6D-051A-BF33-C554-855DBE7B8056}.Debug|Any CPU.Build.0 = Debug|Any CPU
		{260FAF6D-051A-BF33-C554-855DBE7B8056}.Release|Any CPU.ActiveCfg = Release|Any CPU
		{260FAF6D-051A-BF33-C554-855DBE7B8056}.Release|Any CPU.Build.0 = Release|Any CPU
		{3AFB1E45-4BAD-593F-AA12-D492533A8563}.Debug|Any CPU.ActiveCfg = Debug|Any CPU
		{3AFB1E45-4BAD-593F-AA12-D492533A8563}.Debug|Any CPU.Build.0 = Debug|Any CPU
		{3AFB1E45-4BAD-593F-AA12-D492533A8563}.Release|Any CPU.ActiveCfg = Release|Any CPU
		{3AFB1E45-4BAD-593F-AA12-D492533A8563}.Release|Any CPU.Build.0 = Release|Any CPU
		{D4381F26-CFB7-4FC5-27A4-B4612EE87945}.Debug|Any CPU.ActiveCfg = Debug|Any CPU
		{D4381F26-CFB7-4FC5-27A4-B4612EE87945}.Debug|Any CPU.Build.0 = Debug|Any CPU
		{D4381F26-CFB7-4FC5-27A4-B4612EE87945}.Release|Any CPU.ActiveCfg = Release|Any CPU
		{D4381F26-CFB7-4FC5-27A4-B4612EE87945}.Release|Any CPU.Build.0 = Release|Any CPU
	EndGlobalSection
	GlobalSection(SolutionProperties) = preSolution
		HideSolutionNode = FALSE
	EndGlobalSection
	GlobalSection(NestedProjects) = preSolution
		{7CC99346-6DAC-4C22-AFF5-F08D8117916C} = {5318D694-23B9-4FCC-8338-9996A6E2059A}
		{49469A2E-C001-4634-80B9-BE590324A5F1} = {5318D694-23B9-4FCC-8338-9996A6E2059A}
		{26B5E816-15F4-403D-9154-F1C4AD6C5649} = {5318D694-23B9-4FCC-8338-9996A6E2059A}
		{8AB35AE7-37DD-4FFC-9F78-7B6FAFCADFA4} = {5318D694-23B9-4FCC-8338-9996A6E2059A}
		{32EBC9B9-7B03-49DB-AB70-C2CB26250667} = {5318D694-23B9-4FCC-8338-9996A6E2059A}
		{3FA3FAC6-AEC2-4B81-87B3-F9BF4786F0FF} = {5318D694-23B9-4FCC-8338-9996A6E2059A}
		{A27A8ABC-F962-41D4-A4D3-A757032462AD} = {5318D694-23B9-4FCC-8338-9996A6E2059A}
		{E4872924-2348-4E06-881A-08625ED98E9F} = {1230723A-B35C-45C2-9160-7D1DCD1310B0}
		{D31EA979-FC56-43F9-870C-278BC7048E9C} = {1230723A-B35C-45C2-9160-7D1DCD1310B0}
		{C617010A-DDB0-4C64-8706-5B9732AEC034} = {1230723A-B35C-45C2-9160-7D1DCD1310B0}
		{BA08CE0D-99FB-4227-8835-FDC2D4F65915} = {1230723A-B35C-45C2-9160-7D1DCD1310B0}
		{41F693E8-E3B6-4446-8616-73D522246578} = {1230723A-B35C-45C2-9160-7D1DCD1310B0}
		{E6D88F45-8B86-4FAE-A5CD-57269C413C64} = {1230723A-B35C-45C2-9160-7D1DCD1310B0}
		{161853F8-ADB9-4281-B706-E2E23D40D0F1} = {1230723A-B35C-45C2-9160-7D1DCD1310B0}
		{5774A37D-CFA9-4003-8E03-D714B7D1006A} = {1230723A-B35C-45C2-9160-7D1DCD1310B0}
		{085B8204-4339-4E13-B75D-1E37E35270B9} = {1230723A-B35C-45C2-9160-7D1DCD1310B0}
		{A5AB62A9-B65A-4348-BC4A-60EF67FC1B9D} = {1230723A-B35C-45C2-9160-7D1DCD1310B0}
		{80FA1E47-5DA6-4688-A033-F867B0FA6F22} = {1230723A-B35C-45C2-9160-7D1DCD1310B0}
		{2E0553A6-9E63-4A7D-ABAC-E6AC11DCF175} = {1230723A-B35C-45C2-9160-7D1DCD1310B0}
		{284BF0A5-9B0A-4B3E-97BC-6E1B3D87B069} = {1230723A-B35C-45C2-9160-7D1DCD1310B0}
		{B88A96BA-597A-42DA-BCDD-A8DA66754523} = {E4872924-2348-4E06-881A-08625ED98E9F}
		{43BDD676-9289-469F-8A3C-F7E3AAC4E4B2} = {E4872924-2348-4E06-881A-08625ED98E9F}
		{041BA4C2-D6A8-4823-A990-DCF19F892E0C} = {E4872924-2348-4E06-881A-08625ED98E9F}
		{21E30689-1635-4868-B63B-2D5ABEBDB678} = {161853F8-ADB9-4281-B706-E2E23D40D0F1}
		{12F796BA-AB77-4B9F-A68C-BD088B930088} = {C617010A-DDB0-4C64-8706-5B9732AEC034}
		{E251AB63-E43D-463A-ACFD-DAE0BA6F698E} = {D31EA979-FC56-43F9-870C-278BC7048E9C}
		{42F8CCFE-CF62-4E92-8A39-5201FE588A58} = {C617010A-DDB0-4C64-8706-5B9732AEC034}
		{FCD206FB-9539-4E43-AC14-FB32258C61D0} = {80FA1E47-5DA6-4688-A033-F867B0FA6F22}
		{3E310B58-AE2F-4A63-8624-0BB52D066E27} = {C617010A-DDB0-4C64-8706-5B9732AEC034}
		{CCA7A753-B445-479A-BE59-EBA87D2495AE} = {2E0553A6-9E63-4A7D-ABAC-E6AC11DCF175}
		{AD1DF7BB-F953-42C7-ADBC-8288EDB60A25} = {161853F8-ADB9-4281-B706-E2E23D40D0F1}
		{7C2404A9-CC44-42B7-A21E-2C60576FA9E7} = {E6D88F45-8B86-4FAE-A5CD-57269C413C64}
		{43B32B21-D755-4D30-B4BF-25EFA7D889A6} = {BA08CE0D-99FB-4227-8835-FDC2D4F65915}
		{826C30EF-9188-4E9A-BEE5-04889168F711} = {BA08CE0D-99FB-4227-8835-FDC2D4F65915}
		{7451AEC8-3EA0-4BD5-AE1A-4885A87B8100} = {BA08CE0D-99FB-4227-8835-FDC2D4F65915}
		{3E49F6C2-20EC-4EA5-AB69-8012E55772ED} = {41F693E8-E3B6-4446-8616-73D522246578}
		{7479E0D9-C9ED-4FD7-8ED3-30F831EA3F17} = {41F693E8-E3B6-4446-8616-73D522246578}
		{C48A88A1-8C7A-4EC3-A58D-E2C9E6334C9B} = {41F693E8-E3B6-4446-8616-73D522246578}
		{0239EBCB-B5CF-463F-89D5-2FF61BF5190F} = {5774A37D-CFA9-4003-8E03-D714B7D1006A}
		{FBEE90C9-BB90-4B93-A34B-4AEC25F13344} = {A5AB62A9-B65A-4348-BC4A-60EF67FC1B9D}
		{3B205F4B-393E-4399-9032-11DC7D219D83} = {A5AB62A9-B65A-4348-BC4A-60EF67FC1B9D}
		{10A7B021-1171-4C6F-8CC1-45C0FFDAAB43} = {A5AB62A9-B65A-4348-BC4A-60EF67FC1B9D}
		{429C3E54-2F39-4F67-9208-F649A8F7D357} = {161853F8-ADB9-4281-B706-E2E23D40D0F1}
		{6645E934-0517-42F7-B9B6-E73BEDAED535} = {085B8204-4339-4E13-B75D-1E37E35270B9}
		{1E4728F6-4BAE-4D6B-927C-288A0CF292ED} = {085B8204-4339-4E13-B75D-1E37E35270B9}
		{AC72EC83-2F8D-4757-ACE7-83635A971DAE} = {80FA1E47-5DA6-4688-A033-F867B0FA6F22}
		{44EAD1DB-6B4B-47B2-B727-5DC7621A18D0} = {80FA1E47-5DA6-4688-A033-F867B0FA6F22}
		{D33863E2-39CF-47FA-9AC7-DDEFA8DAF7C7} = {E6D88F45-8B86-4FAE-A5CD-57269C413C64}
		{7242CDB2-C08F-4CED-888E-26073D8A10A8} = {284BF0A5-9B0A-4B3E-97BC-6E1B3D87B069}
		{D84A1817-743D-453D-81F7-7F8B4F6C1DC2} = {284BF0A5-9B0A-4B3E-97BC-6E1B3D87B069}
		{1B5296EB-D81F-454C-995A-DB4CC2E61415} = {284BF0A5-9B0A-4B3E-97BC-6E1B3D87B069}
		{CDD9CA1F-C4D5-43A2-A2F8-B3EE214B5C75} = {E6D88F45-8B86-4FAE-A5CD-57269C413C64}
		{719C8C15-B492-43DF-9DC2-555FFCF960BD} = {5318D694-23B9-4FCC-8338-9996A6E2059A}
		{6E7B3100-4CCF-4786-B05D-3FFEEC12B62D} = {1230723A-B35C-45C2-9160-7D1DCD1310B0}
		{074789E4-65BE-4A3D-AF7D-D094E2491A2D} = {6E7B3100-4CCF-4786-B05D-3FFEEC12B62D}
		{E94E2716-E6C5-4F93-811D-504690742BCC} = {6E7B3100-4CCF-4786-B05D-3FFEEC12B62D}
		{E0BD9517-8C01-4B24-96CF-8184FE0FAAE9} = {6E7B3100-4CCF-4786-B05D-3FFEEC12B62D}
		{18D51622-41E9-4168-AA30-EEE4228748BD} = {1230723A-B35C-45C2-9160-7D1DCD1310B0}
		{1AA4DFC7-1B82-A476-5EB1-E41600F0DD34} = {18D51622-41E9-4168-AA30-EEE4228748BD}
		{E245E9B2-F9CC-AD56-5B72-1EC45A756ADD} = {18D51622-41E9-4168-AA30-EEE4228748BD}
		{BED85DB9-71C0-AB0F-5C75-B013E15069D0} = {18D51622-41E9-4168-AA30-EEE4228748BD}
		{3AFAF458-86E7-4EB2-AE83-02E19E183550} = {1230723A-B35C-45C2-9160-7D1DCD1310B0}
		{D4D3BADA-DC6D-9648-18E5-514C4BDA903F} = {3AFAF458-86E7-4EB2-AE83-02E19E183550}
		{260FAF6D-051A-BF33-C554-855DBE7B8056} = {3AFAF458-86E7-4EB2-AE83-02E19E183550}
		{3AFB1E45-4BAD-593F-AA12-D492533A8563} = {3AFAF458-86E7-4EB2-AE83-02E19E183550}
		{D4381F26-CFB7-4FC5-27A4-B4612EE87945} = {0FC5BED4-64F8-48B5-A176-B39C77FFE5DA}
	EndGlobalSection
	GlobalSection(ExtensibilityGlobals) = postSolution
		SolutionGuid = {646DDD1C-F143-42C2-894F-F5C7B3A0CE74}
	EndGlobalSection
EndGlobal
